
Microsoft Visual Studio Solution File, Format Version 12.00
# Visual Studio Version 16
VisualStudioVersion = 16.0.29613.14
MinimumVisualStudioVersion = 10.0.40219.1
Project("{2150E333-8FDC-42A3-9474-1A3956D46DE8}") = "Tests", "Tests", "{03BFFF8D-CD94-4776-9EC3-A51799774E38}"
EndProject
Project("{9A19103F-16F7-4668-BE54-9A1E7A4F7556}") = "SharpPasswordManager", "SharpPasswordManager\SharpPasswordManager.csproj", "{D951F36A-8377-4C07-B929-DB0355580ABE}"
EndProject
Project("{9A19103F-16F7-4668-BE54-9A1E7A4F7556}") = "SharpPasswordManager.DL", "SharpPasswordManager.DL\SharpPasswordManager.DL.csproj", "{FAAB3DE8-1691-4150-A14D-AE5072D1D8D8}"
EndProject
Project("{9A19103F-16F7-4668-BE54-9A1E7A4F7556}") = "SharpPasswordManager.BL", "SharpPasswordManager.BL\SharpPasswordManager.BL.csproj", "{8460351D-5CD9-4634-9691-5FB9DB073FED}"
EndProject
Project("{9A19103F-16F7-4668-BE54-9A1E7A4F7556}") = "SharpPasswordManager.Infrastructure", "SharpPasswordManager.Infrastructure\SharpPasswordManager.Infrastructure.csproj", "{1AC4A057-420A-426F-9B52-FF181A354504}"
EndProject
Project("{FAE04EC0-301F-11D3-BF4B-00C04F79EFBC}") = "SharpPasswordManager.ModuleTests", "SharpPasswordManager.ModuleTests\SharpPasswordManager.ModuleTests.csproj", "{C057E859-0A5F-4937-823E-5749C9C9E6EE}"
EndProject
Project("{FAE04EC0-301F-11D3-BF4B-00C04F79EFBC}") = "SharpPasswordManager.IntegrationTests", "SharpPasswordManager.IntegrationTests\SharpPasswordManager.IntegrationTests.csproj", "{BD0035AD-C354-489F-8704-43FF94638777}"
EndProject
Global
	GlobalSection(SolutionConfigurationPlatforms) = preSolution
		Debug|Any CPU = Debug|Any CPU
		Debug|x64 = Debug|x64
		Debug|x86 = Debug|x86
		Release|Any CPU = Release|Any CPU
		Release|x64 = Release|x64
		Release|x86 = Release|x86
	EndGlobalSection
	GlobalSection(ProjectConfigurationPlatforms) = postSolution
		{D951F36A-8377-4C07-B929-DB0355580ABE}.Debug|Any CPU.ActiveCfg = Debug|Any CPU
		{D951F36A-8377-4C07-B929-DB0355580ABE}.Debug|Any CPU.Build.0 = Debug|Any CPU
		{D951F36A-8377-4C07-B929-DB0355580ABE}.Debug|x64.ActiveCfg = Debug|Any CPU
		{D951F36A-8377-4C07-B929-DB0355580ABE}.Debug|x64.Build.0 = Debug|Any CPU
		{D951F36A-8377-4C07-B929-DB0355580ABE}.Debug|x86.ActiveCfg = Debug|Any CPU
		{D951F36A-8377-4C07-B929-DB0355580ABE}.Debug|x86.Build.0 = Debug|Any CPU
		{D951F36A-8377-4C07-B929-DB0355580ABE}.Release|Any CPU.ActiveCfg = Release|Any CPU
		{D951F36A-8377-4C07-B929-DB0355580ABE}.Release|Any CPU.Build.0 = Release|Any CPU
		{D951F36A-8377-4C07-B929-DB0355580ABE}.Release|x64.ActiveCfg = Release|Any CPU
		{D951F36A-8377-4C07-B929-DB0355580ABE}.Release|x64.Build.0 = Release|Any CPU
		{D951F36A-8377-4C07-B929-DB0355580ABE}.Release|x86.ActiveCfg = Release|Any CPU
		{D951F36A-8377-4C07-B929-DB0355580ABE}.Release|x86.Build.0 = Release|Any CPU
		{FAAB3DE8-1691-4150-A14D-AE5072D1D8D8}.Debug|Any CPU.ActiveCfg = Debug|Any CPU
		{FAAB3DE8-1691-4150-A14D-AE5072D1D8D8}.Debug|Any CPU.Build.0 = Debug|Any CPU
		{FAAB3DE8-1691-4150-A14D-AE5072D1D8D8}.Debug|x64.ActiveCfg = Debug|Any CPU
		{FAAB3DE8-1691-4150-A14D-AE5072D1D8D8}.Debug|x64.Build.0 = Debug|Any CPU
		{FAAB3DE8-1691-4150-A14D-AE5072D1D8D8}.Debug|x86.ActiveCfg = Debug|Any CPU
		{FAAB3DE8-1691-4150-A14D-AE5072D1D8D8}.Debug|x86.Build.0 = Debug|Any CPU
		{FAAB3DE8-1691-4150-A14D-AE5072D1D8D8}.Release|Any CPU.ActiveCfg = Release|Any CPU
		{FAAB3DE8-1691-4150-A14D-AE5072D1D8D8}.Release|Any CPU.Build.0 = Release|Any CPU
		{FAAB3DE8-1691-4150-A14D-AE5072D1D8D8}.Release|x64.ActiveCfg = Release|Any CPU
		{FAAB3DE8-1691-4150-A14D-AE5072D1D8D8}.Release|x64.Build.0 = Release|Any CPU
		{FAAB3DE8-1691-4150-A14D-AE5072D1D8D8}.Release|x86.ActiveCfg = Release|Any CPU
		{FAAB3DE8-1691-4150-A14D-AE5072D1D8D8}.Release|x86.Build.0 = Release|Any CPU
		{8460351D-5CD9-4634-9691-5FB9DB073FED}.Debug|Any CPU.ActiveCfg = Debug|Any CPU
		{8460351D-5CD9-4634-9691-5FB9DB073FED}.Debug|Any CPU.Build.0 = Debug|Any CPU
		{8460351D-5CD9-4634-9691-5FB9DB073FED}.Debug|x64.ActiveCfg = Debug|Any CPU
		{8460351D-5CD9-4634-9691-5FB9DB073FED}.Debug|x64.Build.0 = Debug|Any CPU
		{8460351D-5CD9-4634-9691-5FB9DB073FED}.Debug|x86.ActiveCfg = Debug|Any CPU
		{8460351D-5CD9-4634-9691-5FB9DB073FED}.Debug|x86.Build.0 = Debug|Any CPU
		{8460351D-5CD9-4634-9691-5FB9DB073FED}.Release|Any CPU.ActiveCfg = Release|Any CPU
		{8460351D-5CD9-4634-9691-5FB9DB073FED}.Release|Any CPU.Build.0 = Release|Any CPU
		{8460351D-5CD9-4634-9691-5FB9DB073FED}.Release|x64.ActiveCfg = Release|Any CPU
		{8460351D-5CD9-4634-9691-5FB9DB073FED}.Release|x64.Build.0 = Release|Any CPU
		{8460351D-5CD9-4634-9691-5FB9DB073FED}.Release|x86.ActiveCfg = Release|Any CPU
		{8460351D-5CD9-4634-9691-5FB9DB073FED}.Release|x86.Build.0 = Release|Any CPU
		{1AC4A057-420A-426F-9B52-FF181A354504}.Debug|Any CPU.ActiveCfg = Debug|Any CPU
		{1AC4A057-420A-426F-9B52-FF181A354504}.Debug|Any CPU.Build.0 = Debug|Any CPU
		{1AC4A057-420A-426F-9B52-FF181A354504}.Debug|x64.ActiveCfg = Debug|Any CPU
		{1AC4A057-420A-426F-9B52-FF181A354504}.Debug|x64.Build.0 = Debug|Any CPU
		{1AC4A057-420A-426F-9B52-FF181A354504}.Debug|x86.ActiveCfg = Debug|Any CPU
		{1AC4A057-420A-426F-9B52-FF181A354504}.Debug|x86.Build.0 = Debug|Any CPU
		{1AC4A057-420A-426F-9B52-FF181A354504}.Release|Any CPU.ActiveCfg = Release|Any CPU
		{1AC4A057-420A-426F-9B52-FF181A354504}.Release|Any CPU.Build.0 = Release|Any CPU
		{1AC4A057-420A-426F-9B52-FF181A354504}.Release|x64.ActiveCfg = Release|Any CPU
		{1AC4A057-420A-426F-9B52-FF181A354504}.Release|x64.Build.0 = Release|Any CPU
		{1AC4A057-420A-426F-9B52-FF181A354504}.Release|x86.ActiveCfg = Release|Any CPU
		{1AC4A057-420A-426F-9B52-FF181A354504}.Release|x86.Build.0 = Release|Any CPU
		{C057E859-0A5F-4937-823E-5749C9C9E6EE}.Debug|Any CPU.ActiveCfg = Debug|Any CPU
		{C057E859-0A5F-4937-823E-5749C9C9E6EE}.Debug|Any CPU.Build.0 = Debug|Any CPU
		{C057E859-0A5F-4937-823E-5749C9C9E6EE}.Debug|x64.ActiveCfg = Debug|Any CPU
		{C057E859-0A5F-4937-823E-5749C9C9E6EE}.Debug|x64.Build.0 = Debug|Any CPU
		{C057E859-0A5F-4937-823E-5749C9C9E6EE}.Debug|x86.ActiveCfg = Debug|Any CPU
		{C057E859-0A5F-4937-823E-5749C9C9E6EE}.Debug|x86.Build.0 = Debug|Any CPU
		{C057E859-0A5F-4937-823E-5749C9C9E6EE}.Release|Any CPU.ActiveCfg = Release|Any CPU
		{C057E859-0A5F-4937-823E-5749C9C9E6EE}.Release|Any CPU.Build.0 = Release|Any CPU
		{C057E859-0A5F-4937-823E-5749C9C9E6EE}.Release|x64.ActiveCfg = Release|Any CPU
		{C057E859-0A5F-4937-823E-5749C9C9E6EE}.Release|x64.Build.0 = Release|Any CPU
		{C057E859-0A5F-4937-823E-5749C9C9E6EE}.Release|x86.ActiveCfg = Release|Any CPU
		{C057E859-0A5F-4937-823E-5749C9C9E6EE}.Release|x86.Build.0 = Release|Any CPU
		{BD0035AD-C354-489F-8704-43FF94638777}.Debug|Any CPU.ActiveCfg = Debug|Any CPU
		{BD0035AD-C354-489F-8704-43FF94638777}.Debug|Any CPU.Build.0 = Debug|Any CPU
		{BD0035AD-C354-489F-8704-43FF94638777}.Debug|x64.ActiveCfg = Debug|Any CPU
		{BD0035AD-C354-489F-8704-43FF94638777}.Debug|x64.Build.0 = Debug|Any CPU
		{BD0035AD-C354-489F-8704-43FF94638777}.Debug|x86.ActiveCfg = Debug|Any CPU
		{BD0035AD-C354-489F-8704-43FF94638777}.Debug|x86.Build.0 = Debug|Any CPU
		{BD0035AD-C354-489F-8704-43FF94638777}.Release|Any CPU.ActiveCfg = Release|Any CPU
		{BD0035AD-C354-489F-8704-43FF94638777}.Release|Any CPU.Build.0 = Release|Any CPU
		{BD0035AD-C354-489F-8704-43FF94638777}.Release|x64.ActiveCfg = Release|Any CPU
		{BD0035AD-C354-489F-8704-43FF94638777}.Release|x64.Build.0 = Release|Any CPU
		{BD0035AD-C354-489F-8704-43FF94638777}.Release|x86.ActiveCfg = Release|Any CPU
		{BD0035AD-C354-489F-8704-43FF94638777}.Release|x86.Build.0 = Release|Any CPU
	EndGlobalSection
	GlobalSection(SolutionProperties) = preSolution
		HideSolutionNode = FALSE
	EndGlobalSection
	GlobalSection(NestedProjects) = preSolution
		{C057E859-0A5F-4937-823E-5749C9C9E6EE} = {03BFFF8D-CD94-4776-9EC3-A51799774E38}
		{BD0035AD-C354-489F-8704-43FF94638777} = {03BFFF8D-CD94-4776-9EC3-A51799774E38}
	EndGlobalSection
	GlobalSection(ExtensibilityGlobals) = postSolution
		SolutionGuid = {E61DCF3A-F863-4AE4-B33D-F044A1AE0012}
	EndGlobalSection
EndGlobal
