
Microsoft Visual Studio Solution File, Format Version 12.00
# Visual Studio Version 16
VisualStudioVersion = 16.0.29613.14
MinimumVisualStudioVersion = 10.0.40219.1
Project("{2150E333-8FDC-42A3-9474-1A3956D46DE8}") = "Tests", "Tests", "{03BFFF8D-CD94-4776-9EC3-A51799774E38}"
EndProject
Project("{9A19103F-16F7-4668-BE54-9A1E7A4F7556}") = "SharpPasswordManager.Tests", "SharpPasswordManager.Tests\SharpPasswordManager.Tests.csproj", "{61BC6840-7AD1-4923-808B-52B0EBB02507}"
EndProject
Project("{9A19103F-16F7-4668-BE54-9A1E7A4F7556}") = "SharpPasswordManager", "SharpPasswordManager\SharpPasswordManager.csproj", "{D951F36A-8377-4C07-B929-DB0355580ABE}"
EndProject
Project("{FAE04EC0-301F-11D3-BF4B-00C04F79EFBC}") = "SharpPasswordManager.DL", "SharpPasswordManager.DL\SharpPasswordManager.DL.csproj", "{FAAB3DE8-1691-4150-A14D-AE5072D1D8D8}"
EndProject
Project("{FAE04EC0-301F-11D3-BF4B-00C04F79EFBC}") = "SharpPasswordManager.BL", "SharpPasswordManager.BL\SharpPasswordManager.BL.csproj", "{8460351D-5CD9-4634-9691-5FB9DB073FED}"
EndProject
Global
	GlobalSection(SolutionConfigurationPlatforms) = preSolution
		Debug|Any CPU = Debug|Any CPU
		Debug|x64 = Debug|x64
		Debug|x86 = Debug|x86
		Release|Any CPU = Release|Any CPU
		Release|x64 = Release|x64
		Release|x86 = Release|x86
	EndGlobalSection
	GlobalSection(ProjectConfigurationPlatforms) = postSolution
		{61BC6840-7AD1-4923-808B-52B0EBB02507}.Debug|Any CPU.ActiveCfg = Debug|Any CPU
		{61BC6840-7AD1-4923-808B-52B0EBB02507}.Debug|Any CPU.Build.0 = Debug|Any CPU
		{61BC6840-7AD1-4923-808B-52B0EBB02507}.Debug|x64.ActiveCfg = Debug|Any CPU
		{61BC6840-7AD1-4923-808B-52B0EBB02507}.Debug|x64.Build.0 = Debug|Any CPU
		{61BC6840-7AD1-4923-808B-52B0EBB02507}.Debug|x86.ActiveCfg = Debug|Any CPU
		{61BC6840-7AD1-4923-808B-52B0EBB02507}.Debug|x86.Build.0 = Debug|Any CPU
		{61BC6840-7AD1-4923-808B-52B0EBB02507}.Release|Any CPU.ActiveCfg = Release|Any CPU
		{61BC6840-7AD1-4923-808B-52B0EBB02507}.Release|Any CPU.Build.0 = Release|Any CPU
		{61BC6840-7AD1-4923-808B-52B0EBB02507}.Release|x64.ActiveCfg = Release|Any CPU
		{61BC6840-7AD1-4923-808B-52B0EBB02507}.Release|x64.Build.0 = Release|Any CPU
		{61BC6840-7AD1-4923-808B-52B0EBB02507}.Release|x86.ActiveCfg = Release|Any CPU
		{61BC6840-7AD1-4923-808B-52B0EBB02507}.Release|x86.Build.0 = Release|Any CPU
		{D951F36A-8377-4C07-B929-DB0355580ABE}.Debug|Any CPU.ActiveCfg = Debug|Any CPU
		{D951F36A-8377-4C07-B929-DB0355580ABE}.Debug|Any CPU.Build.0 = Debug|Any CPU
		{D951F36A-8377-4C07-B929-DB0355580ABE}.Debug|x64.ActiveCfg = Debug|Any CPU
		{D951F36A-8377-4C07-B929-DB0355580ABE}.Debug|x64.Build.0 = Debug|Any CPU
		{D951F36A-8377-4C07-B929-DB0355580ABE}.Debug|x86.ActiveCfg = Debug|Any CPU
		{D951F36A-8377-4C07-B929-DB0355580ABE}.Debug|x86.Build.0 = Debug|Any CPU
		{D951F36A-8377-4C07-B929-DB0355580ABE}.Release|Any CPU.ActiveCfg = Release|Any CPU
		{D951F36A-8377-4C07-B929-DB0355580ABE}.Release|Any CPU.Build.0 = Release|Any CPU
		{D951F36A-8377-4C07-B929-DB0355580ABE}.Release|x64.ActiveCfg = Release|Any CPU
		{D951F36A-8377-4C07-B929-DB0355580ABE}.Release|x64.Build.0 = Release|Any CPU
		{D951F36A-8377-4C07-B929-DB0355580ABE}.Release|x86.ActiveCfg = Release|Any CPU
		{D951F36A-8377-4C07-B929-DB0355580ABE}.Release|x86.Build.0 = Release|Any CPU
		{FAAB3DE8-1691-4150-A14D-AE5072D1D8D8}.Debug|Any CPU.ActiveCfg = Debug|Any CPU
		{FAAB3DE8-1691-4150-A14D-AE5072D1D8D8}.Debug|Any CPU.Build.0 = Debug|Any CPU
		{FAAB3DE8-1691-4150-A14D-AE5072D1D8D8}.Debug|x64.ActiveCfg = Debug|Any CPU
		{FAAB3DE8-1691-4150-A14D-AE5072D1D8D8}.Debug|x64.Build.0 = Debug|Any CPU
		{FAAB3DE8-1691-4150-A14D-AE5072D1D8D8}.Debug|x86.ActiveCfg = Debug|Any CPU
		{FAAB3DE8-1691-4150-A14D-AE5072D1D8D8}.Debug|x86.Build.0 = Debug|Any CPU
		{FAAB3DE8-1691-4150-A14D-AE5072D1D8D8}.Release|Any CPU.ActiveCfg = Release|Any CPU
		{FAAB3DE8-1691-4150-A14D-AE5072D1D8D8}.Release|Any CPU.Build.0 = Release|Any CPU
		{FAAB3DE8-1691-4150-A14D-AE5072D1D8D8}.Release|x64.ActiveCfg = Release|Any CPU
		{FAAB3DE8-1691-4150-A14D-AE5072D1D8D8}.Release|x64.Build.0 = Release|Any CPU
		{FAAB3DE8-1691-4150-A14D-AE5072D1D8D8}.Release|x86.ActiveCfg = Release|Any CPU
		{FAAB3DE8-1691-4150-A14D-AE5072D1D8D8}.Release|x86.Build.0 = Release|Any CPU
		{8460351D-5CD9-4634-9691-5FB9DB073FED}.Debug|Any CPU.ActiveCfg = Debug|Any CPU
		{8460351D-5CD9-4634-9691-5FB9DB073FED}.Debug|Any CPU.Build.0 = Debug|Any CPU
		{8460351D-5CD9-4634-9691-5FB9DB073FED}.Debug|x64.ActiveCfg = Debug|Any CPU
		{8460351D-5CD9-4634-9691-5FB9DB073FED}.Debug|x64.Build.0 = Debug|Any CPU
		{8460351D-5CD9-4634-9691-5FB9DB073FED}.Debug|x86.ActiveCfg = Debug|Any CPU
		{8460351D-5CD9-4634-9691-5FB9DB073FED}.Debug|x86.Build.0 = Debug|Any CPU
		{8460351D-5CD9-4634-9691-5FB9DB073FED}.Release|Any CPU.ActiveCfg = Release|Any CPU
		{8460351D-5CD9-4634-9691-5FB9DB073FED}.Release|Any CPU.Build.0 = Release|Any CPU
		{8460351D-5CD9-4634-9691-5FB9DB073FED}.Release|x64.ActiveCfg = Release|Any CPU
		{8460351D-5CD9-4634-9691-5FB9DB073FED}.Release|x64.Build.0 = Release|Any CPU
		{8460351D-5CD9-4634-9691-5FB9DB073FED}.Release|x86.ActiveCfg = Release|Any CPU
		{8460351D-5CD9-4634-9691-5FB9DB073FED}.Release|x86.Build.0 = Release|Any CPU
	EndGlobalSection
	GlobalSection(SolutionProperties) = preSolution
		HideSolutionNode = FALSE
	EndGlobalSection
	GlobalSection(NestedProjects) = preSolution
		{61BC6840-7AD1-4923-808B-52B0EBB02507} = {03BFFF8D-CD94-4776-9EC3-A51799774E38}
	EndGlobalSection
	GlobalSection(ExtensibilityGlobals) = postSolution
		SolutionGuid = {E61DCF3A-F863-4AE4-B33D-F044A1AE0012}
	EndGlobalSection
EndGlobal
